
Microsoft Visual Studio Solution File, Format Version 12.00
# Visual Studio Version 17
VisualStudioVersion = 17.14.36518.9
MinimumVisualStudioVersion = 10.0.40219.1
Project("{2150E333-8FDC-42A3-9474-1A3956D46DE8}") = "Task0", "Task0", "{02EA681E-C7D8-13C7-8484-4AC65E1B71E8}"
EndProject
Project("{FAE04EC0-301F-11D3-BF4B-00C04F79EFBC}") = "Tyuiu.MazurkevichVS.Sprint2.Task0.V30", "Tyuiu.MazurkevichVS.Sprint2.Task0.V30\Tyuiu.MazurkevichVS.Sprint2.Task0.V30.csproj", "{B782C2BD-5E42-4E67-8A89-B66837FC2EDA}"
EndProject
Project("{FAE04EC0-301F-11D3-BF4B-00C04F79EFBC}") = "Tyuiu.MazurkevichVS.Sprint2.Task0.V30.Test", "Tyuiu.MazurkevichVS.Sprint2.Task0.V30.Test\Tyuiu.MazurkevichVS.Sprint2.Task0.V30.Test.csproj", "{FB992407-F9A9-4A32-9882-EE98C25FDB96}"
EndProject
Project("{FAE04EC0-301F-11D3-BF4B-00C04F79EFBC}") = "Tyuiu.MazurkevichVS.Sprint2.Task0.V30.Lib", "Tyuiu.MazurkevichVS.Sprint2.Task0.V30.Lib\Tyuiu.MazurkevichVS.Sprint2.Task0.V30.Lib.csproj", "{F2C39253-D41C-4266-A2A0-6E060B98DB09}"
EndProject
Global
	GlobalSection(SolutionConfigurationPlatforms) = preSolution
		Debug|Any CPU = Debug|Any CPU
		Release|Any CPU = Release|Any CPU
	EndGlobalSection
	GlobalSection(ProjectConfigurationPlatforms) = postSolution
		{B782C2BD-5E42-4E67-8A89-B66837FC2EDA}.Debug|Any CPU.ActiveCfg = Debug|Any CPU
		{B782C2BD-5E42-4E67-8A89-B66837FC2EDA}.Debug|Any CPU.Build.0 = Debug|Any CPU
		{B782C2BD-5E42-4E67-8A89-B66837FC2EDA}.Release|Any CPU.ActiveCfg = Release|Any CPU
		{B782C2BD-5E42-4E67-8A89-B66837FC2EDA}.Release|Any CPU.Build.0 = Release|Any CPU
		{FB992407-F9A9-4A32-9882-EE98C25FDB96}.Debug|Any CPU.ActiveCfg = Debug|Any CPU
		{FB992407-F9A9-4A32-9882-EE98C25FDB96}.Debug|Any CPU.Build.0 = Debug|Any CPU
		{FB992407-F9A9-4A32-9882-EE98C25FDB96}.Release|Any CPU.ActiveCfg = Release|Any CPU
		{FB992407-F9A9-4A32-9882-EE98C25FDB96}.Release|Any CPU.Build.0 = Release|Any CPU
		{F2C39253-D41C-4266-A2A0-6E060B98DB09}.Debug|Any CPU.ActiveCfg = Debug|Any CPU
		{F2C39253-D41C-4266-A2A0-6E060B98DB09}.Debug|Any CPU.Build.0 = Debug|Any CPU
		{F2C39253-D41C-4266-A2A0-6E060B98DB09}.Release|Any CPU.ActiveCfg = Release|Any CPU
		{F2C39253-D41C-4266-A2A0-6E060B98DB09}.Release|Any CPU.Build.0 = Release|Any CPU
	EndGlobalSection
	GlobalSection(SolutionProperties) = preSolution
		HideSolutionNode = FALSE
	EndGlobalSection
	GlobalSection(NestedProjects) = preSolution
		{B782C2BD-5E42-4E67-8A89-B66837FC2EDA} = {02EA681E-C7D8-13C7-8484-4AC65E1B71E8}
		{FB992407-F9A9-4A32-9882-EE98C25FDB96} = {02EA681E-C7D8-13C7-8484-4AC65E1B71E8}
		{F2C39253-D41C-4266-A2A0-6E060B98DB09} = {02EA681E-C7D8-13C7-8484-4AC65E1B71E8}
	EndGlobalSection
	GlobalSection(ExtensibilityGlobals) = postSolution
		SolutionGuid = {75791CA5-9C2D-4F7F-BD4F-09D9E51A042F}
	EndGlobalSection
EndGlobal
